# This file is autogenerated, do not edit; changes may be undone by the next 'dep ensure'.


[[projects]]
  name = "github.com/Microsoft/go-winio"
  packages = ["."]
  revision = "7da180ee92d8bd8bb8c37fc560e673e6557c392f"
  version = "v0.4.7"

[[projects]]
  branch = "master"
  name = "github.com/alecthomas/template"
  packages = [
    ".",
    "parse"
  ]
  revision = "a0175ee3bccc567396460bf5acd36800cb10c49c"

[[projects]]
  name = "github.com/blang/semver"
  packages = ["."]
  revision = "2ee87856327ba09384cabd113bc6b5d174e9ec0f"
  version = "v3.5.1"

[[projects]]
  name = "github.com/docker/distribution"
  packages = [
    "digest",
    "reference"
  ]
  revision = "48294d928ced5dd9b378f7fd7c6f5da3ff3f2c89"
  version = "v2.6.2"

[[projects]]
  name = "github.com/docker/docker"
  packages = [
    "api/types",
    "api/types/blkiodev",
    "api/types/container",
    "api/types/events",
    "api/types/filters",
    "api/types/mount",
    "api/types/network",
    "api/types/reference",
    "api/types/registry",
    "api/types/strslice",
    "api/types/swarm",
    "api/types/time",
    "api/types/versions",
    "api/types/volume",
    "client",
    "pkg/tlsconfig"
  ]
  revision = "092cba3727bb9b4a2f0e922cd6c0f93ea270e363"
  version = "v1.13.1"

[[projects]]
  name = "github.com/docker/go-connections"
  packages = [
    "nat",
    "sockets",
    "tlsconfig"
  ]
  revision = "3ede32e2033de7505e6500d6c868c2b9ed9f169d"
  version = "v0.3.0"

[[projects]]
  name = "github.com/docker/go-units"
  packages = ["."]
  revision = "47565b4f722fb6ceae66b95f853feed578a4a51c"
  version = "v0.3.3"

[[projects]]
  name = "github.com/pkg/errors"
  packages = ["."]
  revision = "645ef00459ed84a119197bfb8d8205042c6df63d"
  version = "v0.8.0"

[[projects]]
  branch = "master"
  name = "golang.org/x/net"
  packages = [
    "context",
    "context/ctxhttp",
    "internal/socks",
    "proxy"
  ]
  revision = "1e491301e022f8f977054da4c2d852decd59571f"

[[projects]]
  branch = "master"
  name = "golang.org/x/sys"
  packages = ["windows"]
  revision = "c11f84a56e43e20a78cee75a7c034031ecf57d1f"

[[projects]]
  branch = "v1"
  name = "gopkg.in/yaml.v1"
  packages = ["."]
  revision = "9f9df34309c04878acc86042b16630b0f696e1de"

[solve-meta]
  analyzer-name = "dep"
  analyzer-version = 1
  inputs-digest = "a08d19410c9b1b9a04413efe12b90370ade666a45955be1e1485a4c3987eab07"
  solver-name = "gps-cdcl"
  solver-version = 1
